// !$*UTF8*$!
{
	archiveVersion = 1;
	classes = {
	};
	objectVersion = 46;
	objects = {

/* Begin PBXBuildFile section */
		FD391A951B42B051007CC815 /* AppDelegate.swift in Sources */ = {isa = PBXBuildFile; fileRef = FD391A941B42B051007CC815 /* AppDelegate.swift */; };
		FD391A971B42B051007CC815 /* ViewController.swift in Sources */ = {isa = PBXBuildFile; fileRef = FD391A961B42B051007CC815 /* ViewController.swift */; };
		FD391A9A1B42B051007CC815 /* Main.storyboard in Resources */ = {isa = PBXBuildFile; fileRef = FD391A981B42B051007CC815 /* Main.storyboard */; };
		FD391A9C1B42B051007CC815 /* Images.xcassets in Resources */ = {isa = PBXBuildFile; fileRef = FD391A9B1B42B051007CC815 /* Images.xcassets */; };
		FD391A9F1B42B051007CC815 /* LaunchScreen.xib in Resources */ = {isa = PBXBuildFile; fileRef = FD391A9D1B42B051007CC815 /* LaunchScreen.xib */; };
		FD391AAB1B42B051007CC815 /* BaseUITests.swift in Sources */ = {isa = PBXBuildFile; fileRef = FD391AAA1B42B051007CC815 /* BaseUITests.swift */; };
/* End PBXBuildFile section */

/* Begin PBXContainerItemProxy section */
		FD391AA51B42B051007CC815 /* PBXContainerItemProxy */ = {
			isa = PBXContainerItemProxy;
			containerPortal = FD391A871B42B051007CC815 /* Project object */;
			proxyType = 1;
			remoteGlobalIDString = FD391A8E1B42B051007CC815;
			remoteInfo = BaseUI;
		};
/* End PBXContainerItemProxy section */

/* Begin PBXFileReference section */
		FD391A8F1B42B051007CC815 /* BaseUI.app */ = {isa = PBXFileReference; explicitFileType = wrapper.application; includeInIndex = 0; path = BaseUI.app; sourceTree = BUILT_PRODUCTS_DIR; };
		FD391A931B42B051007CC815 /* Info.plist */ = {isa = PBXFileReference; lastKnownFileType = text.plist.xml; path = Info.plist; sourceTree = "<group>"; };
		FD391A941B42B051007CC815 /* AppDelegate.swift */ = {isa = PBXFileReference; lastKnownFileType = sourcecode.swift; path = AppDelegate.swift; sourceTree = "<group>"; };
		FD391A961B42B051007CC815 /* ViewController.swift */ = {isa = PBXFileReference; lastKnownFileType = sourcecode.swift; path = ViewController.swift; sourceTree = "<group>"; };
		FD391A991B42B051007CC815 /* Base */ = {isa = PBXFileReference; lastKnownFileType = file.storyboard; name = Base; path = Base.lproj/Main.storyboard; sourceTree = "<group>"; };
		FD391A9B1B42B051007CC815 /* Images.xcassets */ = {isa = PBXFileReference; lastKnownFileType = folder.assetcatalog; path = Images.xcassets; sourceTree = "<group>"; };
		FD391A9E1B42B051007CC815 /* Base */ = {isa = PBXFileReference; lastKnownFileType = file.xib; name = Base; path = Base.lproj/LaunchScreen.xib; sourceTree = "<group>"; };
		FD391AA41B42B051007CC815 /* BaseUITests.xctest */ = {isa = PBXFileReference; explicitFileType = wrapper.cfbundle; includeInIndex = 0; path = BaseUITests.xctest; sourceTree = BUILT_PRODUCTS_DIR; };
		FD391AA91B42B051007CC815 /* Info.plist */ = {isa = PBXFileReference; lastKnownFileType = text.plist.xml; path = Info.plist; sourceTree = "<group>"; };
		FD391AAA1B42B051007CC815 /* BaseUITests.swift */ = {isa = PBXFileReference; lastKnownFileType = sourcecode.swift; path = BaseUITests.swift; sourceTree = "<group>"; };
/* End PBXFileReference section */

/* Begin PBXFrameworksBuildPhase section */
		FD391A8C1B42B051007CC815 /* Frameworks */ = {
			isa = PBXFrameworksBuildPhase;
			buildActionMask = 2147483647;
			files = (
			);
			runOnlyForDeploymentPostprocessing = 0;
		};
		FD391AA11B42B051007CC815 /* Frameworks */ = {
			isa = PBXFrameworksBuildPhase;
			buildActionMask = 2147483647;
			files = (
			);
			runOnlyForDeploymentPostprocessing = 0;
		};
/* End PBXFrameworksBuildPhase section */

/* Begin PBXGroup section */
		FD391A861B42B051007CC815 = {
			isa = PBXGroup;
			children = (
				FD391A911B42B051007CC815 /* BaseUI */,
				FD391AA71B42B051007CC815 /* BaseUITests */,
				FD391A901B42B051007CC815 /* Products */,
			);
			sourceTree = "<group>";
		};
		FD391A901B42B051007CC815 /* Products */ = {
			isa = PBXGroup;
			children = (
				FD391A8F1B42B051007CC815 /* BaseUI.app */,
				FD391AA41B42B051007CC815 /* BaseUITests.xctest */,
			);
			name = Products;
			sourceTree = "<group>";
		};
		FD391A911B42B051007CC815 /* BaseUI */ = {
			isa = PBXGroup;
			children = (
				FD391A941B42B051007CC815 /* AppDelegate.swift */,
				FD391A961B42B051007CC815 /* ViewController.swift */,
				FD391A981B42B051007CC815 /* Main.storyboard */,
				FD391A9B1B42B051007CC815 /* Images.xcassets */,
				FD391A9D1B42B051007CC815 /* LaunchScreen.xib */,
				FD391A921B42B051007CC815 /* Supporting Files */,
			);
			path = BaseUI;
			sourceTree = "<group>";
		};
		FD391A921B42B051007CC815 /* Supporting Files */ = {
			isa = PBXGroup;
			children = (
				FD391A931B42B051007CC815 /* Info.plist */,
			);
			name = "Supporting Files";
			sourceTree = "<group>";
		};
		FD391AA71B42B051007CC815 /* BaseUITests */ = {
			isa = PBXGroup;
			children = (
				FD391AAA1B42B051007CC815 /* BaseUITests.swift */,
				FD391AA81B42B051007CC815 /* Supporting Files */,
			);
			path = BaseUITests;
			sourceTree = "<group>";
		};
		FD391AA81B42B051007CC815 /* Supporting Files */ = {
			isa = PBXGroup;
			children = (
				FD391AA91B42B051007CC815 /* Info.plist */,
			);
			name = "Supporting Files";
			sourceTree = "<group>";
		};
/* End PBXGroup section */

/* Begin PBXNativeTarget section */
		FD391A8E1B42B051007CC815 /* BaseUI */ = {
			isa = PBXNativeTarget;
			buildConfigurationList = FD391AAE1B42B051007CC815 /* Build configuration list for PBXNativeTarget "BaseUI" */;
			buildPhases = (
				FD391A8B1B42B051007CC815 /* Sources */,
				FD391A8C1B42B051007CC815 /* Frameworks */,
				FD391A8D1B42B051007CC815 /* Resources */,
			);
			buildRules = (
			);
			dependencies = (
			);
			name = BaseUI;
			productName = BaseUI;
			productReference = FD391A8F1B42B051007CC815 /* BaseUI.app */;
			productType = "com.apple.product-type.application";
		};
		FD391AA31B42B051007CC815 /* BaseUITests */ = {
			isa = PBXNativeTarget;
			buildConfigurationList = FD391AB11B42B051007CC815 /* Build configuration list for PBXNativeTarget "BaseUITests" */;
			buildPhases = (
				FD391AA01B42B051007CC815 /* Sources */,
				FD391AA11B42B051007CC815 /* Frameworks */,
				FD391AA21B42B051007CC815 /* Resources */,
			);
			buildRules = (
			);
			dependencies = (
				FD391AA61B42B051007CC815 /* PBXTargetDependency */,
			);
			name = BaseUITests;
			productName = BaseUITests;
			productReference = FD391AA41B42B051007CC815 /* BaseUITests.xctest */;
			productType = "com.apple.product-type.bundle.unit-test";
		};
/* End PBXNativeTarget section */

/* Begin PBXProject section */
		FD391A871B42B051007CC815 /* Project object */ = {
			isa = PBXProject;
			attributes = {
				LastUpgradeCheck = 0630;
				ORGANIZATIONNAME = long;
				TargetAttributes = {
					FD391A8E1B42B051007CC815 = {
						CreatedOnToolsVersion = 6.3.2;
					};
					FD391AA31B42B051007CC815 = {
						CreatedOnToolsVersion = 6.3.2;
						TestTargetID = FD391A8E1B42B051007CC815;
					};
				};
			};
			buildConfigurationList = FD391A8A1B42B051007CC815 /* Build configuration list for PBXProject "BaseUI" */;
			compatibilityVersion = "Xcode 3.2";
			developmentRegion = English;
			hasScannedForEncodings = 0;
			knownRegions = (
				en,
				Base,
			);
			mainGroup = FD391A861B42B051007CC815;
			productRefGroup = FD391A901B42B051007CC815 /* Products */;
			projectDirPath = "";
			projectRoot = "";
			targets = (
				FD391A8E1B42B051007CC815 /* BaseUI */,
				FD391AA31B42B051007CC815 /* BaseUITests */,
			);
		};
/* End PBXProject section */

/* Begin PBXResourcesBuildPhase section */
		FD391A8D1B42B051007CC815 /* Resources */ = {
			isa = PBXResourcesBuildPhase;
			buildActionMask = 2147483647;
			files = (
				FD391A9A1B42B051007CC815 /* Main.storyboard in Resources */,
				FD391A9F1B42B051007CC815 /* LaunchScreen.xib in Resources */,
				FD391A9C1B42B051007CC815 /* Images.xcassets in Resources */,
			);
			runOnlyForDeploymentPostprocessing = 0;
		};
		FD391AA21B42B051007CC815 /* Resources */ = {
			isa = PBXResourcesBuildPhase;
			buildActionMask = 2147483647;
			files = (
			);
			runOnlyForDeploymentPostprocessing = 0;
		};
/* End PBXResourcesBuildPhase section */

/* Begin PBXSourcesBuildPhase section */
		FD391A8B1B42B051007CC815 /* Sources */ = {
			isa = PBXSourcesBuildPhase;
			buildActionMask = 2147483647;
			files = (
				FD391A971B42B051007CC815 /* ViewController.swift in Sources */,
				FD391A951B42B051007CC815 /* AppDelegate.swift in Sources */,
			);
			runOnlyForDeploymentPostprocessing = 0;
		};
		FD391AA01B42B051007CC815 /* Sources */ = {
			isa = PBXSourcesBuildPhase;
			buildActionMask = 2147483647;
			files = (
				FD391AAB1B42B051007CC815 /* BaseUITests.swift in Sources */,
			);
			runOnlyForDeploymentPostprocessing = 0;
		};
/* End PBXSourcesBuildPhase section */

/* Begin PBXTargetDependency section */
		FD391AA61B42B051007CC815 /* PBXTargetDependency */ = {
			isa = PBXTargetDependency;
			target = FD391A8E1B42B051007CC815 /* BaseUI */;
			targetProxy = FD391AA51B42B051007CC815 /* PBXContainerItemProxy */;
		};
/* End PBXTargetDependency section */

/* Begin PBXVariantGroup section */
		FD391A981B42B051007CC815 /* Main.storyboard */ = {
			isa = PBXVariantGroup;
			children = (
				FD391A991B42B051007CC815 /* Base */,
			);
			name = Main.storyboard;
			sourceTree = "<group>";
		};
		FD391A9D1B42B051007CC815 /* LaunchScreen.xib */ = {
			isa = PBXVariantGroup;
			children = (
				FD391A9E1B42B051007CC815 /* Base */,
			);
			name = LaunchScreen.xib;
			sourceTree = "<group>";
		};
/* End PBXVariantGroup section */

/* Begin XCBuildConfiguration section */
		FD391AAC1B42B051007CC815 /* Debug */ = {
			isa = XCBuildConfiguration;
			buildSettings = {
				ALWAYS_SEARCH_USER_PATHS = NO;
				CLANG_CXX_LANGUAGE_STANDARD = "gnu++0x";
				CLANG_CXX_LIBRARY = "libc++";
				CLANG_ENABLE_MODULES = YES;
				CLANG_ENABLE_OBJC_ARC = YES;
				CLANG_WARN_BOOL_CONVERSION = YES;
				CLANG_WARN_CONSTANT_CONVERSION = YES;
				CLANG_WARN_DIRECT_OBJC_ISA_USAGE = YES_ERROR;
				CLANG_WARN_EMPTY_BODY = YES;
				CLANG_WARN_ENUM_CONVERSION = YES;
				CLANG_WARN_INT_CONVERSION = YES;
				CLANG_WARN_OBJC_ROOT_CLASS = YES_ERROR;
				CLANG_WARN_UNREACHABLE_CODE = YES;
				CLANG_WARN__DUPLICATE_METHOD_MATCH = YES;
				"CODE_SIGN_IDENTITY[sdk=iphoneos*]" = "iPhone Developer";
				COPY_PHASE_STRIP = NO;
				DEBUG_INFORMATION_FORMAT = "dwarf-with-dsym";
				ENABLE_STRICT_OBJC_MSGSEND = YES;
				GCC_C_LANGUAGE_STANDARD = gnu99;
				GCC_DYNAMIC_NO_PIC = NO;
				GCC_NO_COMMON_BLOCKS = YES;
				GCC_OPTIMIZATION_LEVEL = 0;
				GCC_PREPROCESSOR_DEFINITIONS = (
					"DEBUG=1",
					"$(inherited)",
				);
				GCC_SYMBOLS_PRIVATE_EXTERN = NO;
				GCC_WARN_64_TO_32_BIT_CONVERSION = YES;
				GCC_WARN_ABOUT_RETURN_TYPE = YES_ERROR;
				GCC_WARN_UNDECLARED_SELECTOR = YES;
				GCC_WARN_UNINITIALIZED_AUTOS = YES_AGGRESSIVE;
				GCC_WARN_UNUSED_FUNCTION = YES;
				GCC_WARN_UNUSED_VARIABLE = YES;
				IPHONEOS_DEPLOYMENT_TARGET = 8.3;
				MTL_ENABLE_DEBUG_INFO = YES;
				ONLY_ACTIVE_ARCH = YES;
				SDKROOT = iphoneos;
				SWIFT_OPTIMIZATION_LEVEL = "-Onone";
				TARGETED_DEVICE_FAMILY = "1,2";
			};
			name = Debug;
		};
		FD391AAD1B42B051007CC815 /* Release */ = {
			isa = XCBuildConfiguration;
			buildSettings = {
				ALWAYS_SEARCH_USER_PATHS = NO;
				CLANG_CXX_LANGUAGE_STANDARD = "gnu++0x";
				CLANG_CXX_LIBRARY = "libc++";
				CLANG_ENABLE_MODULES = YES;
				CLANG_ENABLE_OBJC_ARC = YES;
				CLANG_WARN_BOOL_CONVERSION = YES;
				CLANG_WARN_CONSTANT_CONVERSION = YES;
				CLANG_WARN_DIRECT_OBJC_ISA_USAGE = YES_ERROR;
				CLANG_WARN_EMPTY_BODY = YES;
				CLANG_WARN_ENUM_CONVERSION = YES;
				CLANG_WARN_INT_CONVERSION = YES;
				CLANG_WARN_OBJC_ROOT_CLASS = YES_ERROR;
				CLANG_WARN_UNREACHABLE_CODE = YES;
				CLANG_WARN__DUPLICATE_METHOD_MATCH = YES;
				"CODE_SIGN_IDENTITY[sdk=iphoneos*]" = "iPhone Developer";
				COPY_PHASE_STRIP = NO;
				DEBUG_INFORMATION_FORMAT = "dwarf-with-dsym";
				ENABLE_NS_ASSERTIONS = NO;
				ENABLE_STRICT_OBJC_MSGSEND = YES;
				GCC_C_LANGUAGE_STANDARD = gnu99;
				GCC_NO_COMMON_BLOCKS = YES;
				GCC_WARN_64_TO_32_BIT_CONVERSION = YES;
				GCC_WARN_ABOUT_RETURN_TYPE = YES_ERROR;
				GCC_WARN_UNDECLARED_SELECTOR = YES;
				GCC_WARN_UNINITIALIZED_AUTOS = YES_AGGRESSIVE;
				GCC_WARN_UNUSED_FUNCTION = YES;
				GCC_WARN_UNUSED_VARIABLE = YES;
				IPHONEOS_DEPLOYMENT_TARGET = 8.3;
				MTL_ENABLE_DEBUG_INFO = NO;
				SDKROOT = iphoneos;
				TARGETED_DEVICE_FAMILY = "1,2";
				VALIDATE_PRODUCT = YES;
			};
			name = Release;
		};
		FD391AAF1B42B051007CC815 /* Debug */ = {
			isa = XCBuildConfiguration;
			buildSettings = {
				ASSETCATALOG_COMPILER_APPICON_NAME = AppIcon;
				INFOPLIST_FILE = BaseUI/Info.plist;
				LD_RUNPATH_SEARCH_PATHS = "$(inherited) @executable_path/Frameworks";
				PRODUCT_NAME = "$(TARGET_NAME)";
			};
			name = Debug;
		};
		FD391AB01B42B051007CC815 /* Release */ = {
			isa = XCBuildConfiguration;
			buildSettings = {
				ASSETCATALOG_COMPILER_APPICON_NAME = AppIcon;
				INFOPLIST_FILE = BaseUI/Info.plist;
				LD_RUNPATH_SEARCH_PATHS = "$(inherited) @executable_path/Frameworks";
				PRODUCT_NAME = "$(TARGET_NAME)";
			};
			name = Release;
		};
		FD391AB21B42B051007CC815 /* Debug */ = {
			isa = XCBuildConfiguration;
			buildSettings = {
				BUNDLE_LOADER = "$(TEST_HOST)";
				FRAMEWORK_SEARCH_PATHS = (
					"$(SDKROOT)/Developer/Library/Frameworks",
					"$(inherited)",
				);
				GCC_PREPROCESSOR_DEFINITIONS = (
					"DEBUG=1",
					"$(inherited)",
				);
				INFOPLIST_FILE = BaseUITests/Info.plist;
				LD_RUNPATH_SEARCH_PATHS = "$(inherited) @executable_path/Frameworks @loader_path/Frameworks";
				PRODUCT_NAME = "$(TARGET_NAME)";
				TEST_HOST = "$(BUILT_PRODUCTS_DIR)/BaseUI.app/BaseUI";
			};
			name = Debug;
		};
		FD391AB31B42B051007CC815 /* Release */ = {
			isa = XCBuildConfiguration;
			buildSettings = {
				BUNDLE_LOADER = "$(TEST_HOST)";
				FRAMEWORK_SEARCH_PATHS = (
					"$(SDKROOT)/Developer/Library/Frameworks",
					"$(inherited)",
				);
				INFOPLIST_FILE = BaseUITests/Info.plist;
				LD_RUNPATH_SEARCH_PATHS = "$(inherited) @executable_path/Frameworks @loader_path/Frameworks";
				PRODUCT_NAME = "$(TARGET_NAME)";
				TEST_HOST = "$(BUILT_PRODUCTS_DIR)/BaseUI.app/BaseUI";
			};
			name = Release;
		};
/* End XCBuildConfiguration section */

/* Begin XCConfigurationList section */
		FD391A8A1B42B051007CC815 /* Build configuration list for PBXProject "BaseUI" */ = {
			isa = XCConfigurationList;
			buildConfigurations = (
				FD391AAC1B42B051007CC815 /* Debug */,
				FD391AAD1B42B051007CC815 /* Release */,
			);
			defaultConfigurationIsVisible = 0;
			defaultConfigurationName = Release;
		};
		FD391AAE1B42B051007CC815 /* Build configuration list for PBXNativeTarget "BaseUI" */ = {
			isa = XCConfigurationList;
			buildConfigurations = (
				FD391AAF1B42B051007CC815 /* Debug */,
				FD391AB01B42B051007CC815 /* Release */,
			);
			defaultConfigurationIsVisible = 0;
		};
		FD391AB11B42B051007CC815 /* Build configuration list for PBXNativeTarget "BaseUITests" */ = {
			isa = XCConfigurationList;
			buildConfigurations = (
				FD391AB21B42B051007CC815 /* Debug */,
				FD391AB31B42B051007CC815 /* Release */,
			);
			defaultConfigurationIsVisible = 0;
		};
/* End XCConfigurationList section */
	};
	rootObject = FD391A871B42B051007CC815 /* Project object */;
}
